
Microsoft Visual Studio Solution File, Format Version 12.00
# Visual Studio Version 17
VisualStudioVersion = 17.2.32630.192
MinimumVisualStudioVersion = 10.0.40219.1
Project("{FAE04EC0-301F-11D3-BF4B-00C04F79EFBC}") = "Selenium-2", "Selenium-2\Selenium-2.csproj", "{06A39C38-BB29-4C64-A31B-F3BC4F11D40B}"
EndProject
Project("{FAE04EC0-301F-11D3-BF4B-00C04F79EFBC}") = "Tests", "Tests\Tests.csproj", "{70D9884E-5B99-4E84-AF35-1260F7A5ED6C}"
EndProject
Global
	GlobalSection(SolutionConfigurationPlatforms) = preSolution
		Debug|Any CPU = Debug|Any CPU
		Release|Any CPU = Release|Any CPU
	EndGlobalSection
	GlobalSection(ProjectConfigurationPlatforms) = postSolution
		{06A39C38-BB29-4C64-A31B-F3BC4F11D40B}.Debug|Any CPU.ActiveCfg = Debug|Any CPU
		{06A39C38-BB29-4C64-A31B-F3BC4F11D40B}.Debug|Any CPU.Build.0 = Debug|Any CPU
		{06A39C38-BB29-4C64-A31B-F3BC4F11D40B}.Release|Any CPU.ActiveCfg = Release|Any CPU
		{06A39C38-BB29-4C64-A31B-F3BC4F11D40B}.Release|Any CPU.Build.0 = Release|Any CPU
		{70D9884E-5B99-4E84-AF35-1260F7A5ED6C}.Debug|Any CPU.ActiveCfg = Debug|Any CPU
		{70D9884E-5B99-4E84-AF35-1260F7A5ED6C}.Debug|Any CPU.Build.0 = Debug|Any CPU
		{70D9884E-5B99-4E84-AF35-1260F7A5ED6C}.Release|Any CPU.ActiveCfg = Release|Any CPU
		{70D9884E-5B99-4E84-AF35-1260F7A5ED6C}.Release|Any CPU.Build.0 = Release|Any CPU
	EndGlobalSection
	GlobalSection(SolutionProperties) = preSolution
		HideSolutionNode = FALSE
	EndGlobalSection
	GlobalSection(ExtensibilityGlobals) = postSolution
		SolutionGuid = {0A610315-AA05-4EAF-B115-0E3EC05AC40E}
	EndGlobalSection
EndGlobal
